
Microsoft Visual Studio Solution File, Format Version 12.00
# Visual Studio Version 16
VisualStudioVersion = 16.0.29519.181
MinimumVisualStudioVersion = 10.0.40219.1
Project("{F184B08F-C81C-45F6-A57F-5ABD9991F28F}") = "cbox-dict-test", "cbox-dict-test\cbox-dict-test.vbproj", "{FCA09F63-6503-485F-B9C0-65537F854E33}"
EndProject
Global
	GlobalSection(SolutionConfigurationPlatforms) = preSolution
		Debug|Any CPU = Debug|Any CPU
		Release|Any CPU = Release|Any CPU
	EndGlobalSection
	GlobalSection(ProjectConfigurationPlatforms) = postSolution
		{FCA09F63-6503-485F-B9C0-65537F854E33}.Debug|Any CPU.ActiveCfg = Debug|Any CPU
		{FCA09F63-6503-485F-B9C0-65537F854E33}.Debug|Any CPU.Build.0 = Debug|Any CPU
		{FCA09F63-6503-485F-B9C0-65537F854E33}.Release|Any CPU.ActiveCfg = Release|Any CPU
		{FCA09F63-6503-485F-B9C0-65537F854E33}.Release|Any CPU.Build.0 = Release|Any CPU
	EndGlobalSection
	GlobalSection(SolutionProperties) = preSolution
		HideSolutionNode = FALSE
	EndGlobalSection
	GlobalSection(ExtensibilityGlobals) = postSolution
		SolutionGuid = {68C07899-96B5-48E2-AD70-C212C8D690D5}
	EndGlobalSection
EndGlobal
